
Microsoft Visual Studio Solution File, Format Version 12.00
# Visual Studio Version 17
VisualStudioVersion = 17.7.34018.315
MinimumVisualStudioVersion = 10.0.40219.1
Project("{2150E333-8FDC-42A3-9474-1A3956D46DE8}") = "src", "src", "{5102F608-E930-488D-B3D1-627B7BB38E60}"
EndProject
Project("{2150E333-8FDC-42A3-9474-1A3956D46DE8}") = "tests", "tests", "{B534D252-12DA-4D0A-ACBA-07D9528608F6}"
EndProject
Project("{9A19103F-16F7-4668-BE54-9A1E7A4F7556}") = "Domain", "src\Domain\Domain.csproj", "{159CF39A-70C4-400B-AB63-E084FB7F2CC3}"
EndProject
Project("{9A19103F-16F7-4668-BE54-9A1E7A4F7556}") = "Domain.UnitTests", "tests\Domain.UnitTests\Domain.UnitTests.csproj", "{907B1AB0-592E-40E3-9F46-398C3F4C5151}"
EndProject
Project("{9A19103F-16F7-4668-BE54-9A1E7A4F7556}") = "ArchitectureTests", "tests\ArchitectureTests\ArchitectureTests.csproj", "{08B25B39-2F37-4C56-8F73-60A46386A38D}"
EndProject
Project("{9A19103F-16F7-4668-BE54-9A1E7A4F7556}") = "SharedKernel", "src\SharedKernel\SharedKernel.csproj", "{9DFC18A5-723A-4D0B-9D5A-C4DFC4A4C706}"
EndProject
Project("{2150E333-8FDC-42A3-9474-1A3956D46DE8}") = "Solution Items", "Solution Items", "{7B745BC9-4B8E-407B-9C27-BFCCE4E0248D}"
	ProjectSection(SolutionItems) = preProject
		.editorconfig = .editorconfig
		..\..\Milan\RunTracker\7 - Continuous Integration Will Give You Superpowers\after\running_tracker\Directory.Build.props = ..\..\Milan\RunTracker\7 - Continuous Integration Will Give You Superpowers\after\running_tracker\Directory.Build.props
	EndProjectSection
EndProject
Project("{9A19103F-16F7-4668-BE54-9A1E7A4F7556}") = "Application", "src\Application\Application.csproj", "{BFC8096E-737F-45B8-94E7-C51544835C07}"
EndProject
Project("{9A19103F-16F7-4668-BE54-9A1E7A4F7556}") = "Application.UnitTests", "tests\Application.UnitTests\Application.UnitTests.csproj", "{3E14E0D6-7F3C-4413-8FBB-91DB3401B5D9}"
EndProject
Project("{9A19103F-16F7-4668-BE54-9A1E7A4F7556}") = "Infrastructure", "src\Infrastructure\Infrastructure.csproj", "{E5D3A28A-BC04-4A20-863D-3E0E73764D21}"
EndProject
Project("{FAE04EC0-301F-11D3-BF4B-00C04F79EFBC}") = "Web.Api", "src\Web.Api\Web.Api.csproj", "{C931ABF9-2ABA-4CD4-B3AA-96250B13E5F7}"
EndProject
Global
	GlobalSection(SolutionConfigurationPlatforms) = preSolution
		Debug|Any CPU = Debug|Any CPU
		Release|Any CPU = Release|Any CPU
	EndGlobalSection
	GlobalSection(ProjectConfigurationPlatforms) = postSolution
		{159CF39A-70C4-400B-AB63-E084FB7F2CC3}.Debug|Any CPU.ActiveCfg = Debug|Any CPU
		{159CF39A-70C4-400B-AB63-E084FB7F2CC3}.Debug|Any CPU.Build.0 = Debug|Any CPU
		{159CF39A-70C4-400B-AB63-E084FB7F2CC3}.Release|Any CPU.ActiveCfg = Release|Any CPU
		{159CF39A-70C4-400B-AB63-E084FB7F2CC3}.Release|Any CPU.Build.0 = Release|Any CPU
		{907B1AB0-592E-40E3-9F46-398C3F4C5151}.Debug|Any CPU.ActiveCfg = Debug|Any CPU
		{907B1AB0-592E-40E3-9F46-398C3F4C5151}.Debug|Any CPU.Build.0 = Debug|Any CPU
		{907B1AB0-592E-40E3-9F46-398C3F4C5151}.Release|Any CPU.ActiveCfg = Release|Any CPU
		{907B1AB0-592E-40E3-9F46-398C3F4C5151}.Release|Any CPU.Build.0 = Release|Any CPU
		{08B25B39-2F37-4C56-8F73-60A46386A38D}.Debug|Any CPU.ActiveCfg = Debug|Any CPU
		{08B25B39-2F37-4C56-8F73-60A46386A38D}.Debug|Any CPU.Build.0 = Debug|Any CPU
		{08B25B39-2F37-4C56-8F73-60A46386A38D}.Release|Any CPU.ActiveCfg = Release|Any CPU
		{08B25B39-2F37-4C56-8F73-60A46386A38D}.Release|Any CPU.Build.0 = Release|Any CPU
		{9DFC18A5-723A-4D0B-9D5A-C4DFC4A4C706}.Debug|Any CPU.ActiveCfg = Debug|Any CPU
		{9DFC18A5-723A-4D0B-9D5A-C4DFC4A4C706}.Debug|Any CPU.Build.0 = Debug|Any CPU
		{9DFC18A5-723A-4D0B-9D5A-C4DFC4A4C706}.Release|Any CPU.ActiveCfg = Release|Any CPU
		{9DFC18A5-723A-4D0B-9D5A-C4DFC4A4C706}.Release|Any CPU.Build.0 = Release|Any CPU
		{BFC8096E-737F-45B8-94E7-C51544835C07}.Debug|Any CPU.ActiveCfg = Debug|Any CPU
		{BFC8096E-737F-45B8-94E7-C51544835C07}.Debug|Any CPU.Build.0 = Debug|Any CPU
		{BFC8096E-737F-45B8-94E7-C51544835C07}.Release|Any CPU.ActiveCfg = Release|Any CPU
		{BFC8096E-737F-45B8-94E7-C51544835C07}.Release|Any CPU.Build.0 = Release|Any CPU
		{3E14E0D6-7F3C-4413-8FBB-91DB3401B5D9}.Debug|Any CPU.ActiveCfg = Debug|Any CPU
		{3E14E0D6-7F3C-4413-8FBB-91DB3401B5D9}.Debug|Any CPU.Build.0 = Debug|Any CPU
		{3E14E0D6-7F3C-4413-8FBB-91DB3401B5D9}.Release|Any CPU.ActiveCfg = Release|Any CPU
		{3E14E0D6-7F3C-4413-8FBB-91DB3401B5D9}.Release|Any CPU.Build.0 = Release|Any CPU
		{E5D3A28A-BC04-4A20-863D-3E0E73764D21}.Debug|Any CPU.ActiveCfg = Debug|Any CPU
		{E5D3A28A-BC04-4A20-863D-3E0E73764D21}.Debug|Any CPU.Build.0 = Debug|Any CPU
		{E5D3A28A-BC04-4A20-863D-3E0E73764D21}.Release|Any CPU.ActiveCfg = Release|Any CPU
		{E5D3A28A-BC04-4A20-863D-3E0E73764D21}.Release|Any CPU.Build.0 = Release|Any CPU
		{C931ABF9-2ABA-4CD4-B3AA-96250B13E5F7}.Debug|Any CPU.ActiveCfg = Debug|Any CPU
		{C931ABF9-2ABA-4CD4-B3AA-96250B13E5F7}.Debug|Any CPU.Build.0 = Debug|Any CPU
		{C931ABF9-2ABA-4CD4-B3AA-96250B13E5F7}.Release|Any CPU.ActiveCfg = Release|Any CPU
		{C931ABF9-2ABA-4CD4-B3AA-96250B13E5F7}.Release|Any CPU.Build.0 = Release|Any CPU
	EndGlobalSection
	GlobalSection(SolutionProperties) = preSolution
		HideSolutionNode = FALSE
	EndGlobalSection
	GlobalSection(NestedProjects) = preSolution
		{159CF39A-70C4-400B-AB63-E084FB7F2CC3} = {5102F608-E930-488D-B3D1-627B7BB38E60}
		{907B1AB0-592E-40E3-9F46-398C3F4C5151} = {B534D252-12DA-4D0A-ACBA-07D9528608F6}
		{08B25B39-2F37-4C56-8F73-60A46386A38D} = {B534D252-12DA-4D0A-ACBA-07D9528608F6}
		{9DFC18A5-723A-4D0B-9D5A-C4DFC4A4C706} = {5102F608-E930-488D-B3D1-627B7BB38E60}
		{BFC8096E-737F-45B8-94E7-C51544835C07} = {5102F608-E930-488D-B3D1-627B7BB38E60}
		{3E14E0D6-7F3C-4413-8FBB-91DB3401B5D9} = {B534D252-12DA-4D0A-ACBA-07D9528608F6}
		{E5D3A28A-BC04-4A20-863D-3E0E73764D21} = {5102F608-E930-488D-B3D1-627B7BB38E60}
		{C931ABF9-2ABA-4CD4-B3AA-96250B13E5F7} = {5102F608-E930-488D-B3D1-627B7BB38E60}
	EndGlobalSection
	GlobalSection(ExtensibilityGlobals) = postSolution
		SolutionGuid = {F15FEF07-5463-44B3-A20C-278A3ECBAF3A}
	EndGlobalSection
EndGlobal
